{
  "version": "4",
  "specifiers": {
    "jsr:@std/assert@1": "1.0.7",
    "jsr:@std/assert@^1.0.7": "1.0.7",
    "jsr:@std/dotenv@*": "0.225.2",
    "jsr:@std/expect@*": "1.0.7",
    "jsr:@std/internal@^1.0.5": "1.0.5",
    "jsr:@std/testing@*": "1.0.4",
    "npm:@twurple/auth@*": "7.2.0",
    "npm:@types/node@*": "22.5.4",
    "npm:tmi.js@*": "1.8.5"
  },
  "jsr": {
    "@std/assert@1.0.7": {
      "integrity": "64ce9fac879e0b9f3042a89b3c3f8ccfc9c984391af19e2087513a79d73e28c3",
      "dependencies": [
        "jsr:@std/internal"
      ]
    },
    "@std/dotenv@0.225.2": {
      "integrity": "e2025dce4de6c7bca21dece8baddd4262b09d5187217e231b033e088e0c4dd23"
    },
    "@std/expect@1.0.7": {
      "integrity": "3904afa77cfe5c45dd2cd2c476e6fc5b6f57103d712890f0783d74c19d4b05a9",
      "dependencies": [
        "jsr:@std/assert@^1.0.7",
        "jsr:@std/internal"
      ]
    },
    "@std/internal@1.0.5": {
      "integrity": "54a546004f769c1ac9e025abd15a76b6671ddc9687e2313b67376125650dc7ba"
    },
    "@std/testing@1.0.4": {
      "integrity": "ca1368d720b183f572d40c469bb9faf09643ddd77b54f8b44d36ae6b94940576",
      "dependencies": [
        "jsr:@std/assert@^1.0.7",
        "jsr:@std/internal"
      ]
    }
  },
  "npm": {
    "@d-fischer/cross-fetch@5.0.5": {
      "integrity": "sha512-symjDUPInTrkfIsZc2n2mo9hiAJLcTJsZkNICjZajEWnWpJ3s3zn50/FY8xpNUAf5w3eFuQii2wxztTGpvG1Xg==",
      "dependencies": [
        "node-fetch"
      ]
    },
    "@d-fischer/detect-node@3.0.1": {
      "integrity": "sha512-0Rf3XwTzuTh8+oPZW9SfxTIiL+26RRJ0BRPwj5oVjZFyFKmsj9RGfN2zuTRjOuA3FCK/jYm06HOhwNK+8Pfv8w=="
    },
    "@d-fischer/logger@4.2.3": {
      "integrity": "sha512-mJUx9OgjrNVLQa4od/+bqnmD164VTCKnK5B4WOW8TX5y/3w2i58p+PMRE45gUuFjk2BVtOZUg55JQM3d619fdw==",
      "dependencies": [
        "@d-fischer/detect-node",
        "@d-fischer/shared-utils",
        "tslib"
      ]
    },
    "@d-fischer/qs@7.0.2": {
      "integrity": "sha512-yAu3xDooiL+ef84Jo8nLjDjWBRk7RXk163Y6aTvRB7FauYd3spQD/dWvgT7R4CrN54Juhrrc3dMY7mc+jZGurQ=="
    },
    "@d-fischer/shared-utils@3.6.3": {
      "integrity": "sha512-Lz+Qk1WJLVoeREOHPZcIDTHOoxecxMSG2sq+x1xWYCH1exqiMKMMx06pXdy15UzHG7ohvQRNXk2oHqZ9EOl9jQ==",
      "dependencies": [
        "tslib"
      ]
    },
    "@d-fischer/typed-event-emitter@3.3.3": {
      "integrity": "sha512-OvSEOa8icfdWDqcRtjSEZtgJTFOFNgTjje7zaL0+nAtu2/kZtRCSK5wUMrI/aXtCH8o0Qz2vA8UqkhWUTARFQQ==",
      "dependencies": [
        "tslib"
      ]
    },
    "@esbuild/aix-ppc64@0.21.5": {
      "integrity": "sha512-1SDgH6ZSPTlggy1yI6+Dbkiz8xzpHJEVAlF/AM1tHPLsf5STom9rwtjE4hKAF20FfXXNTFqEYXyJNWh1GiZedQ=="
    },
    "@esbuild/android-arm64@0.21.5": {
      "integrity": "sha512-c0uX9VAUBQ7dTDCjq+wdyGLowMdtR/GoC2U5IYk/7D1H1JYC0qseD7+11iMP2mRLN9RcCMRcjC4YMclCzGwS/A=="
    },
    "@esbuild/android-arm@0.21.5": {
      "integrity": "sha512-vCPvzSjpPHEi1siZdlvAlsPxXl7WbOVUBBAowWug4rJHb68Ox8KualB+1ocNvT5fjv6wpkX6o/iEpbDrf68zcg=="
    },
    "@esbuild/android-x64@0.21.5": {
      "integrity": "sha512-D7aPRUUNHRBwHxzxRvp856rjUHRFW1SdQATKXH2hqA0kAZb1hKmi02OpYRacl0TxIGz/ZmXWlbZgjwWYaCakTA=="
    },
    "@esbuild/darwin-arm64@0.21.5": {
      "integrity": "sha512-DwqXqZyuk5AiWWf3UfLiRDJ5EDd49zg6O9wclZ7kUMv2WRFr4HKjXp/5t8JZ11QbQfUS6/cRCKGwYhtNAY88kQ=="
    },
    "@esbuild/darwin-x64@0.21.5": {
      "integrity": "sha512-se/JjF8NlmKVG4kNIuyWMV/22ZaerB+qaSi5MdrXtd6R08kvs2qCN4C09miupktDitvh8jRFflwGFBQcxZRjbw=="
    },
    "@esbuild/freebsd-arm64@0.21.5": {
      "integrity": "sha512-5JcRxxRDUJLX8JXp/wcBCy3pENnCgBR9bN6JsY4OmhfUtIHe3ZW0mawA7+RDAcMLrMIZaf03NlQiX9DGyB8h4g=="
    },
    "@esbuild/freebsd-x64@0.21.5": {
      "integrity": "sha512-J95kNBj1zkbMXtHVH29bBriQygMXqoVQOQYA+ISs0/2l3T9/kj42ow2mpqerRBxDJnmkUDCaQT/dfNXWX/ZZCQ=="
    },
    "@esbuild/linux-arm64@0.21.5": {
      "integrity": "sha512-ibKvmyYzKsBeX8d8I7MH/TMfWDXBF3db4qM6sy+7re0YXya+K1cem3on9XgdT2EQGMu4hQyZhan7TeQ8XkGp4Q=="
    },
    "@esbuild/linux-arm@0.21.5": {
      "integrity": "sha512-bPb5AHZtbeNGjCKVZ9UGqGwo8EUu4cLq68E95A53KlxAPRmUyYv2D6F0uUI65XisGOL1hBP5mTronbgo+0bFcA=="
    },
    "@esbuild/linux-ia32@0.21.5": {
      "integrity": "sha512-YvjXDqLRqPDl2dvRODYmmhz4rPeVKYvppfGYKSNGdyZkA01046pLWyRKKI3ax8fbJoK5QbxblURkwK/MWY18Tg=="
    },
    "@esbuild/linux-loong64@0.21.5": {
      "integrity": "sha512-uHf1BmMG8qEvzdrzAqg2SIG/02+4/DHB6a9Kbya0XDvwDEKCoC8ZRWI5JJvNdUjtciBGFQ5PuBlpEOXQj+JQSg=="
    },
    "@esbuild/linux-mips64el@0.21.5": {
      "integrity": "sha512-IajOmO+KJK23bj52dFSNCMsz1QP1DqM6cwLUv3W1QwyxkyIWecfafnI555fvSGqEKwjMXVLokcV5ygHW5b3Jbg=="
    },
    "@esbuild/linux-ppc64@0.21.5": {
      "integrity": "sha512-1hHV/Z4OEfMwpLO8rp7CvlhBDnjsC3CttJXIhBi+5Aj5r+MBvy4egg7wCbe//hSsT+RvDAG7s81tAvpL2XAE4w=="
    },
    "@esbuild/linux-riscv64@0.21.5": {
      "integrity": "sha512-2HdXDMd9GMgTGrPWnJzP2ALSokE/0O5HhTUvWIbD3YdjME8JwvSCnNGBnTThKGEB91OZhzrJ4qIIxk/SBmyDDA=="
    },
    "@esbuild/linux-s390x@0.21.5": {
      "integrity": "sha512-zus5sxzqBJD3eXxwvjN1yQkRepANgxE9lgOW2qLnmr8ikMTphkjgXu1HR01K4FJg8h1kEEDAqDcZQtbrRnB41A=="
    },
    "@esbuild/linux-x64@0.21.5": {
      "integrity": "sha512-1rYdTpyv03iycF1+BhzrzQJCdOuAOtaqHTWJZCWvijKD2N5Xu0TtVC8/+1faWqcP9iBCWOmjmhoH94dH82BxPQ=="
    },
    "@esbuild/netbsd-x64@0.21.5": {
      "integrity": "sha512-Woi2MXzXjMULccIwMnLciyZH4nCIMpWQAs049KEeMvOcNADVxo0UBIQPfSmxB3CWKedngg7sWZdLvLczpe0tLg=="
    },
    "@esbuild/openbsd-x64@0.21.5": {
      "integrity": "sha512-HLNNw99xsvx12lFBUwoT8EVCsSvRNDVxNpjZ7bPn947b8gJPzeHWyNVhFsaerc0n3TsbOINvRP2byTZ5LKezow=="
    },
    "@esbuild/sunos-x64@0.21.5": {
      "integrity": "sha512-6+gjmFpfy0BHU5Tpptkuh8+uw3mnrvgs+dSPQXQOv3ekbordwnzTVEb4qnIvQcYXq6gzkyTnoZ9dZG+D4garKg=="
    },
    "@esbuild/win32-arm64@0.21.5": {
      "integrity": "sha512-Z0gOTd75VvXqyq7nsl93zwahcTROgqvuAcYDUr+vOv8uHhNSKROyU961kgtCD1e95IqPKSQKH7tBTslnS3tA8A=="
    },
    "@esbuild/win32-ia32@0.21.5": {
      "integrity": "sha512-SWXFF1CL2RVNMaVs+BBClwtfZSvDgtL//G/smwAc5oVK/UPu2Gu9tIaRgFmYFFKrmg3SyAjSrElf0TiJ1v8fYA=="
    },
    "@esbuild/win32-x64@0.21.5": {
      "integrity": "sha512-tQd/1efJuzPC6rCFwEvLtci/xNFcTZknmXs98FYDfGE4wP9ClFV98nyKrzJKVPMhdDnjzLhdUyMX4PsQAPjwIw=="
    },
    "@jridgewell/sourcemap-codec@1.5.0": {
      "integrity": "sha512-gv3ZRaISU3fjPAgNsriBRqGWQL6quFx04YMPW/zD8XMLsU32mhCCbfbO6KZFLjvYpCZ8zyDEgqsgf+PwPaM7GQ=="
    },
    "@rollup/rollup-android-arm-eabi@4.25.0": {
      "integrity": "sha512-CC/ZqFZwlAIbU1wUPisHyV/XRc5RydFrNLtgl3dGYskdwPZdt4HERtKm50a/+DtTlKeCq9IXFEWR+P6blwjqBA=="
    },
    "@rollup/rollup-android-arm64@4.25.0": {
      "integrity": "sha512-/Y76tmLGUJqVBXXCfVS8Q8FJqYGhgH4wl4qTA24E9v/IJM0XvJCGQVSW1QZ4J+VURO9h8YCa28sTFacZXwK7Rg=="
    },
    "@rollup/rollup-darwin-arm64@4.25.0": {
      "integrity": "sha512-YVT6L3UrKTlC0FpCZd0MGA7NVdp7YNaEqkENbWQ7AOVOqd/7VzyHpgIpc1mIaxRAo1ZsJRH45fq8j4N63I/vvg=="
    },
    "@rollup/rollup-darwin-x64@4.25.0": {
      "integrity": "sha512-ZRL+gexs3+ZmmWmGKEU43Bdn67kWnMeWXLFhcVv5Un8FQcx38yulHBA7XR2+KQdYIOtD0yZDWBCudmfj6lQJoA=="
    },
    "@rollup/rollup-freebsd-arm64@4.25.0": {
      "integrity": "sha512-xpEIXhiP27EAylEpreCozozsxWQ2TJbOLSivGfXhU4G1TBVEYtUPi2pOZBnvGXHyOdLAUUhPnJzH3ah5cqF01g=="
    },
    "@rollup/rollup-freebsd-x64@4.25.0": {
      "integrity": "sha512-sC5FsmZGlJv5dOcURrsnIK7ngc3Kirnx3as2XU9uER+zjfyqIjdcMVgzy4cOawhsssqzoAX19qmxgJ8a14Qrqw=="
    },
    "@rollup/rollup-linux-arm-gnueabihf@4.25.0": {
      "integrity": "sha512-uD/dbLSs1BEPzg564TpRAQ/YvTnCds2XxyOndAO8nJhaQcqQGFgv/DAVko/ZHap3boCvxnzYMa3mTkV/B/3SWA=="
    },
    "@rollup/rollup-linux-arm-musleabihf@4.25.0": {
      "integrity": "sha512-ZVt/XkrDlQWegDWrwyC3l0OfAF7yeJUF4fq5RMS07YM72BlSfn2fQQ6lPyBNjt+YbczMguPiJoCfaQC2dnflpQ=="
    },
    "@rollup/rollup-linux-arm64-gnu@4.25.0": {
      "integrity": "sha512-qboZ+T0gHAW2kkSDPHxu7quaFaaBlynODXpBVnPxUgvWYaE84xgCKAPEYE+fSMd3Zv5PyFZR+L0tCdYCMAtG0A=="
    },
    "@rollup/rollup-linux-arm64-musl@4.25.0": {
      "integrity": "sha512-ndWTSEmAaKr88dBuogGH2NZaxe7u2rDoArsejNslugHZ+r44NfWiwjzizVS1nUOHo+n1Z6qV3X60rqE/HlISgw=="
    },
    "@rollup/rollup-linux-powerpc64le-gnu@4.25.0": {
      "integrity": "sha512-BVSQvVa2v5hKwJSy6X7W1fjDex6yZnNKy3Kx1JGimccHft6HV0THTwNtC2zawtNXKUu+S5CjXslilYdKBAadzA=="
    },
    "@rollup/rollup-linux-riscv64-gnu@4.25.0": {
      "integrity": "sha512-G4hTREQrIdeV0PE2JruzI+vXdRnaK1pg64hemHq2v5fhv8C7WjVaeXc9P5i4Q5UC06d/L+zA0mszYIKl+wY8oA=="
    },
    "@rollup/rollup-linux-s390x-gnu@4.25.0": {
      "integrity": "sha512-9T/w0kQ+upxdkFL9zPVB6zy9vWW1deA3g8IauJxojN4bnz5FwSsUAD034KpXIVX5j5p/rn6XqumBMxfRkcHapQ=="
    },
    "@rollup/rollup-linux-x64-gnu@4.25.0": {
      "integrity": "sha512-ThcnU0EcMDn+J4B9LD++OgBYxZusuA7iemIIiz5yzEcFg04VZFzdFjuwPdlURmYPZw+fgVrFzj4CA64jSTG4Ig=="
    },
    "@rollup/rollup-linux-x64-musl@4.25.0": {
      "integrity": "sha512-zx71aY2oQxGxAT1JShfhNG79PnjYhMC6voAjzpu/xmMjDnKNf6Nl/xv7YaB/9SIa9jDYf8RBPWEnjcdlhlv1rQ=="
    },
    "@rollup/rollup-win32-arm64-msvc@4.25.0": {
      "integrity": "sha512-JT8tcjNocMs4CylWY/CxVLnv8e1lE7ff1fi6kbGocWwxDq9pj30IJ28Peb+Y8yiPNSF28oad42ApJB8oUkwGww=="
    },
    "@rollup/rollup-win32-ia32-msvc@4.25.0": {
      "integrity": "sha512-dRLjLsO3dNOfSN6tjyVlG+Msm4IiZnGkuZ7G5NmpzwF9oOc582FZG05+UdfTbz5Jd4buK/wMb6UeHFhG18+OEg=="
    },
    "@rollup/rollup-win32-x64-msvc@4.25.0": {
      "integrity": "sha512-/RqrIFtLB926frMhZD0a5oDa4eFIbyNEwLLloMTEjmqfwZWXywwVVOVmwTsuyhC9HKkVEZcOOi+KV4U9wmOdlg=="
    },
    "@twurple/api-call@7.2.0": {
      "integrity": "sha512-xMIaNdFpJNzwm961USGIzhaT6i+ZNr+gkDImvkWexGztyeB7icIXaT8U2I0gm3b4QvK9eT9megY9N/Xbn9lumQ==",
      "dependencies": [
        "@d-fischer/cross-fetch",
        "@d-fischer/qs",
        "@d-fischer/shared-utils",
        "@twurple/common",
        "tslib"
      ]
    },
    "@twurple/auth@7.2.0": {
      "integrity": "sha512-rcqoU3TtLm7UICEcefg+NIaSi7ry7nBlIuUQEzDC09A/mfy/R5D6u8uqt+V2ybZChu1Pue2wRGycOTFseHYE5g==",
      "dependencies": [
        "@d-fischer/logger",
        "@d-fischer/shared-utils",
        "@d-fischer/typed-event-emitter",
        "@twurple/api-call",
        "@twurple/common",
        "tslib"
      ]
    },
    "@twurple/common@7.2.0": {
      "integrity": "sha512-bfUWDDxvpzWztEQnMWa2ivwSncnz0UE5ToWUnsCDNlujTPJvrFTm4eU9FCYgSwCQ8o+9LCiuA4pNF20HhKzhOw==",
      "dependencies": [
        "@d-fischer/shared-utils",
        "klona",
        "tslib"
      ]
    },
    "@types/estree@1.0.6": {
      "integrity": "sha512-AYnb1nQyY49te+VRAVgmzfcgjYS91mY5P0TKUDCLEM+gNnA+3T6rWITXRLYCpahpqSQbN5cE+gHpnPyXjHWxcw=="
    },
    "@types/node@22.5.4": {
      "integrity": "sha512-FDuKUJQm/ju9fT/SeX/6+gBzoPzlVCzfzmGkwKvRHQVxi4BntVbyIwf6a4Xn62mrvndLiml6z/UBXIdEVjQLXg==",
      "dependencies": [
        "undici-types"
      ]
    },
    "@vitest/expect@2.1.4": {
      "integrity": "sha512-DOETT0Oh1avie/D/o2sgMHGrzYUFFo3zqESB2Hn70z6QB1HrS2IQ9z5DfyTqU8sg4Bpu13zZe9V4+UTNQlUeQA==",
      "dependencies": [
        "@vitest/spy",
        "@vitest/utils",
        "chai",
        "tinyrainbow"
      ]
    },
    "@vitest/mocker@2.1.4_vite@5.4.11": {
      "integrity": "sha512-Ky/O1Lc0QBbutJdW0rqLeFNbuLEyS+mIPiNdlVlp2/yhJ0SbyYqObS5IHdhferJud8MbbwMnexg4jordE5cCoQ==",
      "dependencies": [
        "@vitest/spy",
        "estree-walker",
        "magic-string",
        "vite"
      ]
    },
    "@vitest/pretty-format@2.1.4": {
      "integrity": "sha512-L95zIAkEuTDbUX1IsjRl+vyBSLh3PwLLgKpghl37aCK9Jvw0iP+wKwIFhfjdUtA2myLgjrG6VU6JCFLv8q/3Ww==",
      "dependencies": [
        "tinyrainbow"
      ]
    },
    "@vitest/runner@2.1.4": {
      "integrity": "sha512-sKRautINI9XICAMl2bjxQM8VfCMTB0EbsBc/EDFA57V6UQevEKY/TOPOF5nzcvCALltiLfXWbq4MaAwWx/YxIA==",
      "dependencies": [
        "@vitest/utils",
        "pathe"
      ]
    },
    "@vitest/snapshot@2.1.4": {
      "integrity": "sha512-3Kab14fn/5QZRog5BPj6Rs8dc4B+mim27XaKWFWHWA87R56AKjHTGcBFKpvZKDzC4u5Wd0w/qKsUIio3KzWW4Q==",
      "dependencies": [
        "@vitest/pretty-format",
        "magic-string",
        "pathe"
      ]
    },
    "@vitest/spy@2.1.4": {
      "integrity": "sha512-4JOxa+UAizJgpZfaCPKK2smq9d8mmjZVPMt2kOsg/R8QkoRzydHH1qHxIYNvr1zlEaFj4SXiaaJWxq/LPLKaLg==",
      "dependencies": [
        "tinyspy"
      ]
    },
    "@vitest/utils@2.1.4": {
      "integrity": "sha512-MXDnZn0Awl2S86PSNIim5PWXgIAx8CIkzu35mBdSApUip6RFOGXBCf3YFyeEu8n1IHk4bWD46DeYFu9mQlFIRg==",
      "dependencies": [
        "@vitest/pretty-format",
        "loupe",
        "tinyrainbow"
      ]
    },
    "assertion-error@2.0.1": {
      "integrity": "sha512-Izi8RQcffqCeNVgFigKli1ssklIbpHnCYc6AknXGYoB6grJqyeby7jv12JUQgmTAnIDnbck1uxksT4dzN3PWBA=="
    },
    "cac@6.7.14": {
      "integrity": "sha512-b6Ilus+c3RrdDk+JhLKUAQfzzgLEPy6wcXqS7f/xe1EETvsDP6GORG7SFuOs6cID5YkqchW/LXZbX5bc8j7ZcQ=="
    },
    "chai@5.1.2": {
      "integrity": "sha512-aGtmf24DW6MLHHG5gCx4zaI3uBq3KRtxeVs0DjFH6Z0rDNbsvTxFASFvdj79pxjxZ8/5u3PIiN3IwEIQkiiuPw==",
      "dependencies": [
        "assertion-error",
        "check-error",
        "deep-eql",
        "loupe",
        "pathval"
      ]
    },
    "check-error@2.1.1": {
      "integrity": "sha512-OAlb+T7V4Op9OwdkjmguYRqncdlx5JiofwOAUkmTF+jNdHwzTaTs4sRAGpzLF3oOz5xAyDGrPgeIDFQmDOTiJw=="
    },
    "debug@4.3.7": {
      "integrity": "sha512-Er2nc/H7RrMXZBFCEim6TCmMk02Z8vLC2Rbi1KEBggpo0fS6l0S1nnapwmIi3yW/+GOJap1Krg4w0Hg80oCqgQ==",
      "dependencies": [
        "ms"
      ]
    },
    "deep-eql@5.0.2": {
      "integrity": "sha512-h5k/5U50IJJFpzfL6nO9jaaumfjO/f2NjK/oYB2Djzm4p9L+3T9qWpZqZ2hAbLPuuYq9wrU08WQyBTL5GbPk5Q=="
    },
    "esbuild@0.21.5": {
      "integrity": "sha512-mg3OPMV4hXywwpoDxu3Qda5xCKQi+vCTZq8S9J/EpkhB2HzKXq4SNFZE3+NK93JYxc8VMSep+lOUSC/RVKaBqw==",
      "dependencies": [
        "@esbuild/aix-ppc64",
        "@esbuild/android-arm",
        "@esbuild/android-arm64",
        "@esbuild/android-x64",
        "@esbuild/darwin-arm64",
        "@esbuild/darwin-x64",
        "@esbuild/freebsd-arm64",
        "@esbuild/freebsd-x64",
        "@esbuild/linux-arm",
        "@esbuild/linux-arm64",
        "@esbuild/linux-ia32",
        "@esbuild/linux-loong64",
        "@esbuild/linux-mips64el",
        "@esbuild/linux-ppc64",
        "@esbuild/linux-riscv64",
        "@esbuild/linux-s390x",
        "@esbuild/linux-x64",
        "@esbuild/netbsd-x64",
        "@esbuild/openbsd-x64",
        "@esbuild/sunos-x64",
        "@esbuild/win32-arm64",
        "@esbuild/win32-ia32",
        "@esbuild/win32-x64"
      ]
    },
    "estree-walker@3.0.3": {
      "integrity": "sha512-7RUKfXgSMMkzt6ZuXmqapOurLGPPfgj6l9uRZ7lRGolvk0y2yocc35LdcxKC5PQZdn2DMqioAQ2NoWcrTKmm6g==",
      "dependencies": [
        "@types/estree"
      ]
    },
    "expect-type@1.1.0": {
      "integrity": "sha512-bFi65yM+xZgk+u/KRIpekdSYkTB5W1pEf0Lt8Q8Msh7b+eQ7LXVtIB1Bkm4fvclDEL1b2CZkMhv2mOeF8tMdkA=="
    },
    "fsevents@2.3.3": {
      "integrity": "sha512-5xoDfX+fL7faATnagmWPpbFtwh/R77WmMMqqHGS65C3vvB0YHrgF+B1YmZ3441tMj5n63k0212XNoJwzlhffQw=="
    },
    "klona@2.0.6": {
      "integrity": "sha512-dhG34DXATL5hSxJbIexCft8FChFXtmskoZYnoPWjXQuebWYCNkVeV3KkGegCK9CP1oswI/vQibS2GY7Em/sJJA=="
    },
    "loupe@3.1.2": {
      "integrity": "sha512-23I4pFZHmAemUnz8WZXbYRSKYj801VDaNv9ETuMh7IrMc7VuVVSo+Z9iLE3ni30+U48iDWfi30d3twAXBYmnCg=="
    },
    "magic-string@0.30.12": {
      "integrity": "sha512-Ea8I3sQMVXr8JhN4z+H/d8zwo+tYDgHE9+5G4Wnrwhs0gaK9fXTKx0Tw5Xwsd/bCPTTZNRAdpyzvoeORe9LYpw==",
      "dependencies": [
        "@jridgewell/sourcemap-codec"
      ]
    },
    "ms@2.1.3": {
      "integrity": "sha512-6FlzubTLZG3J2a/NVCAleEhjzq5oxgHyaCU9yYXvcLsvoVaHJq/s5xXI6/XXP6tz7R9xAOtHnSO/tXtF3WRTlA=="
    },
    "nanoid@3.3.7": {
      "integrity": "sha512-eSRppjcPIatRIMC1U6UngP8XFcz8MQWGQdt1MTBQ7NaAmvXDfvNxbvWV3x2y6CdEUciCSsDHDQZbhYaB8QEo2g=="
    },
    "node-fetch@2.7.0": {
      "integrity": "sha512-c4FRfUm/dbcWZ7U+1Wq0AwCyFL+3nt2bEw05wfxSz+DWpWsitgmSgYmy2dQdWyKC1694ELPqMs/YzUSNozLt8A==",
      "dependencies": [
        "whatwg-url"
      ]
    },
    "pathe@1.1.2": {
      "integrity": "sha512-whLdWMYL2TwI08hn8/ZqAbrVemu0LNaNNJZX73O6qaIdCTfXutsLhMkjdENX0qhsQ9uIimo4/aQOmXkoon2nDQ=="
    },
    "pathval@2.0.0": {
      "integrity": "sha512-vE7JKRyES09KiunauX7nd2Q9/L7lhok4smP9RZTDeD4MVs72Dp2qNFVz39Nz5a0FVEW0BJR6C0DYrq6unoziZA=="
    },
    "picocolors@1.1.1": {
      "integrity": "sha512-xceH2snhtb5M9liqDsmEw56le376mTZkEX/jEb/RxNFyegNul7eNslCXP9FDj/Lcu0X8KEyMceP2ntpaHrDEVA=="
    },
    "postcss@8.4.47": {
      "integrity": "sha512-56rxCq7G/XfB4EkXq9Egn5GCqugWvDFjafDOThIdMBsI15iqPqR5r15TfSr1YPYeEI19YeaXMCbY6u88Y76GLQ==",
      "dependencies": [
        "nanoid",
        "picocolors",
        "source-map-js"
      ]
    },
    "rollup@4.25.0": {
      "integrity": "sha512-uVbClXmR6wvx5R1M3Od4utyLUxrmOcEm3pAtMphn73Apq19PDtHpgZoEvqH2YnnaNUuvKmg2DgRd2Sqv+odyqg==",
      "dependencies": [
        "@rollup/rollup-android-arm-eabi",
        "@rollup/rollup-android-arm64",
        "@rollup/rollup-darwin-arm64",
        "@rollup/rollup-darwin-x64",
        "@rollup/rollup-freebsd-arm64",
        "@rollup/rollup-freebsd-x64",
        "@rollup/rollup-linux-arm-gnueabihf",
        "@rollup/rollup-linux-arm-musleabihf",
        "@rollup/rollup-linux-arm64-gnu",
        "@rollup/rollup-linux-arm64-musl",
        "@rollup/rollup-linux-powerpc64le-gnu",
        "@rollup/rollup-linux-riscv64-gnu",
        "@rollup/rollup-linux-s390x-gnu",
        "@rollup/rollup-linux-x64-gnu",
        "@rollup/rollup-linux-x64-musl",
        "@rollup/rollup-win32-arm64-msvc",
        "@rollup/rollup-win32-ia32-msvc",
        "@rollup/rollup-win32-x64-msvc",
        "@types/estree",
        "fsevents"
      ]
    },
    "siginfo@2.0.0": {
      "integrity": "sha512-ybx0WO1/8bSBLEWXZvEd7gMW3Sn3JFlW3TvX1nREbDLRNQNaeNN8WK0meBwPdAaOI7TtRRRJn/Es1zhrrCHu7g=="
    },
    "source-map-js@1.2.1": {
      "integrity": "sha512-UXWMKhLOwVKb728IUtQPXxfYU+usdybtUrK/8uGE8CQMvrhOpwvzDBwj0QhSL7MQc7vIsISBG8VQ8+IDQxpfQA=="
    },
    "stackback@0.0.2": {
      "integrity": "sha512-1XMJE5fQo1jGH6Y/7ebnwPOBEkIEnT4QF32d5R1+VXdXveM0IBMJt8zfaxX1P3QhVwrYe+576+jkANtSS2mBbw=="
    },
    "std-env@3.8.0": {
      "integrity": "sha512-Bc3YwwCB+OzldMxOXJIIvC6cPRWr/LxOp48CdQTOkPyk/t4JWWJbrilwBd7RJzKV8QW7tJkcgAmeuLLJugl5/w=="
    },
    "tinybench@2.9.0": {
      "integrity": "sha512-0+DUvqWMValLmha6lr4kD8iAMK1HzV0/aKnCtWb9v9641TnP/MFb7Pc2bxoxQjTXAErryXVgUOfv2YqNllqGeg=="
    },
    "tinyexec@0.3.1": {
      "integrity": "sha512-WiCJLEECkO18gwqIp6+hJg0//p23HXp4S+gGtAKu3mI2F2/sXC4FvHvXvB0zJVVaTPhx1/tOwdbRsa1sOBIKqQ=="
    },
    "tinypool@1.0.1": {
      "integrity": "sha512-URZYihUbRPcGv95En+sz6MfghfIc2OJ1sv/RmhWZLouPY0/8Vo80viwPvg3dlaS9fuq7fQMEfgRRK7BBZThBEA=="
    },
    "tinyrainbow@1.2.0": {
      "integrity": "sha512-weEDEq7Z5eTHPDh4xjX789+fHfF+P8boiFB+0vbWzpbnbsEr/GRaohi/uMKxg8RZMXnl1ItAi/IUHWMsjDV7kQ=="
    },
    "tinyspy@3.0.2": {
      "integrity": "sha512-n1cw8k1k0x4pgA2+9XrOkFydTerNcJ1zWCO5Nn9scWHTD+5tp8dghT2x1uduQePZTZgd3Tupf+x9BxJjeJi77Q=="
    },
    "tmi.js@1.8.5": {
      "integrity": "sha512-A9qrydfe1e0VWM9MViVhhxVgvLpnk7pFShVUWePsSTtoi+A1X+Zjdoa7OJd7/YsgHXGj3GkNEvnWop/1WwZuew==",
      "dependencies": [
        "node-fetch",
        "ws"
      ]
    },
    "tr46@0.0.3": {
      "integrity": "sha512-N3WMsuqV66lT30CrXNbEjx4GEwlow3v6rr4mCcv6prnfwhS01rkgyFdjPNBYd9br7LpXV1+Emh01fHnq2Gdgrw=="
    },
    "tslib@2.8.1": {
      "integrity": "sha512-oJFu94HQb+KVduSUQL7wnpmqnfmLsOA/nAh6b6EH0wCEoK0/mPeXU6c3wKDV83MkOuHPRHtSXKKU99IBazS/2w=="
    },
    "undici-types@6.19.8": {
      "integrity": "sha512-ve2KP6f/JnbPBFyobGHuerC9g1FYGn/F8n1LWTwNxCEzd6IfqTwUQcNXgEtmmQ6DlRrC1hrSrBnCZPokRrDHjw=="
    },
    "vite-node@2.1.4": {
      "integrity": "sha512-kqa9v+oi4HwkG6g8ufRnb5AeplcRw8jUF6/7/Qz1qRQOXHImG8YnLbB+LLszENwFnoBl9xIf9nVdCFzNd7GQEg==",
      "dependencies": [
        "cac",
        "debug",
        "pathe",
        "vite"
      ]
    },
    "vite@5.4.11": {
      "integrity": "sha512-c7jFQRklXua0mTzneGW9QVyxFjUgwcihC4bXEtujIo2ouWCe1Ajt/amn2PCxYnhYfd5k09JX3SB7OYWFKYqj8Q==",
      "dependencies": [
        "esbuild",
        "fsevents",
        "postcss",
        "rollup"
      ]
    },
    "vitest@2.1.4_vite@5.4.11": {
      "integrity": "sha512-eDjxbVAJw1UJJCHr5xr/xM86Zx+YxIEXGAR+bmnEID7z9qWfoxpHw0zdobz+TQAFOLT+nEXz3+gx6nUJ7RgmlQ==",
      "dependencies": [
        "@vitest/expect",
        "@vitest/mocker",
        "@vitest/pretty-format",
        "@vitest/runner",
        "@vitest/snapshot",
        "@vitest/spy",
        "@vitest/utils",
        "chai",
        "debug",
        "expect-type",
        "magic-string",
        "pathe",
        "std-env",
        "tinybench",
        "tinyexec",
        "tinypool",
        "tinyrainbow",
        "vite",
        "vite-node",
        "why-is-node-running"
      ]
    },
    "webidl-conversions@3.0.1": {
      "integrity": "sha512-2JAn3z8AR6rjK8Sm8orRC0h/bcl/DqL7tRPdGZ4I1CjdF+EaMLmYxBHyXuKL849eucPFhvBoxMsflfOb8kxaeQ=="
    },
    "whatwg-url@5.0.0": {
      "integrity": "sha512-saE57nupxk6v3HY35+jzBwYa0rKSy0XR8JSxZPwgLr7ys0IBzhGviA1/TUGJLmSVqs8pb9AnvICXEuOHLprYTw==",
      "dependencies": [
        "tr46",
        "webidl-conversions"
      ]
    },
    "why-is-node-running@2.3.0": {
      "integrity": "sha512-hUrmaWBdVDcxvYqnyh09zunKzROWjbZTiNy8dBEjkS7ehEDQibXJ7XvlmtbwuTclUiIyN+CyXQD4Vmko8fNm8w==",
      "dependencies": [
        "siginfo",
        "stackback"
      ]
    },
    "ws@8.18.0": {
      "integrity": "sha512-8VbfWfHLbbwu3+N6OKsOMpBdT4kXPDDB9cJk2bJ6mh9ucxdlnNvH1e+roYkKmN9Nxw2yjz7VzeO9oOz2zJ04Pw=="
    }
  },
  "redirects": {
    "https://deno.land/x/dotenv/mod.ts": "https://deno.land/x/dotenv@v3.2.2/mod.ts",
    "https://deno.land/x/twitch_irc/mod.ts": "https://deno.land/x/twitch_irc@0.11.2/mod.ts"
  },
  "remote": {
    "https://deno.land/std@0.150.0/fmt/colors.ts": "6f9340b7fb8cc25a993a99e5efc56fe81bb5af284ff412129dd06df06f53c0b4",
    "https://deno.land/std@0.150.0/testing/_diff.ts": "029a00560b0d534bc0046f1bce4bd36b3b41ada3f2a3178c85686eb2ff5f1413",
    "https://deno.land/std@0.150.0/testing/_format.ts": "0d8dc79eab15b67cdc532826213bbe05bccfd276ca473a50a3fc7bbfb7260642",
    "https://deno.land/std@0.150.0/testing/asserts.ts": "0ee58a557ac764e762c62bb21f00e7d897e3919e71be38b2d574fb441d721005",
    "https://deno.land/std@0.150.0/testing/mock.ts": "d9630b551fe59a81b3c214c1a6ccb67819b6e34fc20e3424a659528fe1f572c1",
    "https://deno.land/x/dotenv@v3.2.2/mod.ts": "077b48773de9205266a0b44c3c3a3c3083449ed64bb0b6cc461b95720678d38e",
    "https://deno.land/x/dotenv@v3.2.2/util.ts": "693730877b13f8ead2b79b2aa31e2a0652862f7dc0c5f6d2f313f4d39c7b7670",
    "https://deno.land/x/twitch_irc@0.11.2/lib/base.ts": "575e9c89c34790106c976bc84b7739da44d47891de2f4e2eab3c5a3779e07d55",
    "https://deno.land/x/twitch_irc@0.11.2/lib/client.ts": "2eafe7059e0dc776195ccf8456ee2c8d65c28dc3357113e7d8f9dd01aef46371",
    "https://deno.land/x/twitch_irc@0.11.2/lib/latency.ts": "6a439c0d5f84ec970fea881c4b32418d24337225827ea57df55d8a3d6c40a9c4",
    "https://deno.land/x/twitch_irc@0.11.2/lib/message.ts": "879da552e592da7ce851cd3ccc4809f8f9c730420d8b4d1ff4add552ede3266a",
    "https://deno.land/x/twitch_irc@0.11.2/lib/message/clearchat.ts": "f9f0c077cb9fec06d65f3d360912dea595415ed67d82b72f95be0c0dab95bf50",
    "https://deno.land/x/twitch_irc@0.11.2/lib/message/clearmsg.ts": "c86e310329270c1d99f097feefaaa6ce5162b6be8d03917f69db66a0557a2fad",
    "https://deno.land/x/twitch_irc@0.11.2/lib/message/common.ts": "dff64aac5d5ac1281975a25f7a26e7876cb4d2e58e541c658c582a564b305025",
    "https://deno.land/x/twitch_irc@0.11.2/lib/message/globaluserstate.ts": "7ed59de239989dca1b58bd93cd6f0d651dba0d65e824b042b40ede39ee74ef98",
    "https://deno.land/x/twitch_irc@0.11.2/lib/message/hosttarget.ts": "88aee84c18724b7cc4515536b8e82658c8ffa4d3dd3ecf03ae7780f1ca1ba23c",
    "https://deno.land/x/twitch_irc@0.11.2/lib/message/index.ts": "46ce7d0baeb272cea52f2bc3ee502a79addb2e76ba523b21d9067960287872a7",
    "https://deno.land/x/twitch_irc@0.11.2/lib/message/join.ts": "b3d070f6e9f829fd616f058d0f8737c86a4e4d88fa7f89894d244b3245c8d8fa",
    "https://deno.land/x/twitch_irc@0.11.2/lib/message/notice.ts": "1d62cb7ab28fb533294527f70fb956387ba159cacb0fb0e8753b032fdd97c251",
    "https://deno.land/x/twitch_irc@0.11.2/lib/message/part.ts": "9786105b150db76ed685c0f79b00be20569b6ab3147ec66633b9521fb2326404",
    "https://deno.land/x/twitch_irc@0.11.2/lib/message/privmsg.ts": "c0ab6615c71d457c433daa92aa65c9a9bb200fe1b03d5578881cae109c1f9ed7",
    "https://deno.land/x/twitch_irc@0.11.2/lib/message/reconnect.ts": "fb8c6a64ae6fc666ba5be57c656e75eef1895f0a4576622c9eab35f10f09397c",
    "https://deno.land/x/twitch_irc@0.11.2/lib/message/roomstate.ts": "7e8857671836ed6183183582b795f5594d32044e34234646cba4c6ee3217996f",
    "https://deno.land/x/twitch_irc@0.11.2/lib/message/usernotice.ts": "22ae45f2e36f45cd2dc9b2935303800691a2e2ffa7e94723ba0529cc5fb6f7ca",
    "https://deno.land/x/twitch_irc@0.11.2/lib/message/userstate.ts": "3a0fa2a41792c84659476bd3a7677226cf1a76025dad65ce94d2cd5d537219f9",
    "https://deno.land/x/twitch_irc@0.11.2/lib/queue.ts": "ab0ee9ca3e030af909c24d509dab92eaa2ddb4475d3cd58da91d56f363b649c2",
    "https://deno.land/x/twitch_irc@0.11.2/lib/ratelimit.ts": "ab6e9fdb241925c322441a9477a33ea7615a2cfbd8a4f22b88fed8ec8d8edcc2",
    "https://deno.land/x/twitch_irc@0.11.2/lib/ringbuffer.ts": "50223064fa993b7a72827566f43bae7abb7485c12ce84b2108e9d8793ebeb0b4",
    "https://deno.land/x/twitch_irc@0.11.2/lib/smb.ts": "2f5ab771d572b2e38a8866b5453145191c585fe2c7078308a0db4e3b96161136",
    "https://deno.land/x/twitch_irc@0.11.2/lib/util.ts": "e9bbf1c5153c5fd25a2ffe4bdfb9f560d7d442f75a4047303bc22e993f42aef0",
    "https://deno.land/x/twitch_irc@0.11.2/mod.ts": "d2fb32eb07efe7265b3f8a1d2f915e27e9b2ca52c160cb5ba54194d6022b20c3"
  },
  "workspace": {
    "dependencies": [
      "jsr:@std/assert@1"
    ]
  }
}
