{
  "version": "4",
  "specifiers": {
    "jsr:@std/assert@1": "1.0.7",
    "jsr:@std/internal@^1.0.5": "1.0.5"
  },
  "jsr": {
    "@std/assert@1.0.7": {
      "integrity": "64ce9fac879e0b9f3042a89b3c3f8ccfc9c984391af19e2087513a79d73e28c3",
      "dependencies": [
        "jsr:@std/internal"
      ]
    },
    "@std/internal@1.0.5": {
      "integrity": "54a546004f769c1ac9e025abd15a76b6671ddc9687e2313b67376125650dc7ba"
    }
  },
  "redirects": {
    "https://deno.land/x/dotenv/mod.ts": "https://deno.land/x/dotenv@v3.2.2/mod.ts",
    "https://deno.land/x/twitch_irc/mod.ts": "https://deno.land/x/twitch_irc@0.11.2/mod.ts"
  },
  "remote": {
    "https://deno.land/x/dotenv@v3.2.2/mod.ts": "077b48773de9205266a0b44c3c3a3c3083449ed64bb0b6cc461b95720678d38e",
    "https://deno.land/x/dotenv@v3.2.2/util.ts": "693730877b13f8ead2b79b2aa31e2a0652862f7dc0c5f6d2f313f4d39c7b7670",
    "https://deno.land/x/twitch_irc@0.11.2/lib/base.ts": "575e9c89c34790106c976bc84b7739da44d47891de2f4e2eab3c5a3779e07d55",
    "https://deno.land/x/twitch_irc@0.11.2/lib/client.ts": "2eafe7059e0dc776195ccf8456ee2c8d65c28dc3357113e7d8f9dd01aef46371",
    "https://deno.land/x/twitch_irc@0.11.2/lib/latency.ts": "6a439c0d5f84ec970fea881c4b32418d24337225827ea57df55d8a3d6c40a9c4",
    "https://deno.land/x/twitch_irc@0.11.2/lib/message.ts": "879da552e592da7ce851cd3ccc4809f8f9c730420d8b4d1ff4add552ede3266a",
    "https://deno.land/x/twitch_irc@0.11.2/lib/message/clearchat.ts": "f9f0c077cb9fec06d65f3d360912dea595415ed67d82b72f95be0c0dab95bf50",
    "https://deno.land/x/twitch_irc@0.11.2/lib/message/clearmsg.ts": "c86e310329270c1d99f097feefaaa6ce5162b6be8d03917f69db66a0557a2fad",
    "https://deno.land/x/twitch_irc@0.11.2/lib/message/common.ts": "dff64aac5d5ac1281975a25f7a26e7876cb4d2e58e541c658c582a564b305025",
    "https://deno.land/x/twitch_irc@0.11.2/lib/message/globaluserstate.ts": "7ed59de239989dca1b58bd93cd6f0d651dba0d65e824b042b40ede39ee74ef98",
    "https://deno.land/x/twitch_irc@0.11.2/lib/message/hosttarget.ts": "88aee84c18724b7cc4515536b8e82658c8ffa4d3dd3ecf03ae7780f1ca1ba23c",
    "https://deno.land/x/twitch_irc@0.11.2/lib/message/index.ts": "46ce7d0baeb272cea52f2bc3ee502a79addb2e76ba523b21d9067960287872a7",
    "https://deno.land/x/twitch_irc@0.11.2/lib/message/join.ts": "b3d070f6e9f829fd616f058d0f8737c86a4e4d88fa7f89894d244b3245c8d8fa",
    "https://deno.land/x/twitch_irc@0.11.2/lib/message/notice.ts": "1d62cb7ab28fb533294527f70fb956387ba159cacb0fb0e8753b032fdd97c251",
    "https://deno.land/x/twitch_irc@0.11.2/lib/message/part.ts": "9786105b150db76ed685c0f79b00be20569b6ab3147ec66633b9521fb2326404",
    "https://deno.land/x/twitch_irc@0.11.2/lib/message/privmsg.ts": "c0ab6615c71d457c433daa92aa65c9a9bb200fe1b03d5578881cae109c1f9ed7",
    "https://deno.land/x/twitch_irc@0.11.2/lib/message/reconnect.ts": "fb8c6a64ae6fc666ba5be57c656e75eef1895f0a4576622c9eab35f10f09397c",
    "https://deno.land/x/twitch_irc@0.11.2/lib/message/roomstate.ts": "7e8857671836ed6183183582b795f5594d32044e34234646cba4c6ee3217996f",
    "https://deno.land/x/twitch_irc@0.11.2/lib/message/usernotice.ts": "22ae45f2e36f45cd2dc9b2935303800691a2e2ffa7e94723ba0529cc5fb6f7ca",
    "https://deno.land/x/twitch_irc@0.11.2/lib/message/userstate.ts": "3a0fa2a41792c84659476bd3a7677226cf1a76025dad65ce94d2cd5d537219f9",
    "https://deno.land/x/twitch_irc@0.11.2/lib/queue.ts": "ab0ee9ca3e030af909c24d509dab92eaa2ddb4475d3cd58da91d56f363b649c2",
    "https://deno.land/x/twitch_irc@0.11.2/lib/ratelimit.ts": "ab6e9fdb241925c322441a9477a33ea7615a2cfbd8a4f22b88fed8ec8d8edcc2",
    "https://deno.land/x/twitch_irc@0.11.2/lib/ringbuffer.ts": "50223064fa993b7a72827566f43bae7abb7485c12ce84b2108e9d8793ebeb0b4",
    "https://deno.land/x/twitch_irc@0.11.2/lib/smb.ts": "2f5ab771d572b2e38a8866b5453145191c585fe2c7078308a0db4e3b96161136",
    "https://deno.land/x/twitch_irc@0.11.2/lib/util.ts": "e9bbf1c5153c5fd25a2ffe4bdfb9f560d7d442f75a4047303bc22e993f42aef0",
    "https://deno.land/x/twitch_irc@0.11.2/mod.ts": "d2fb32eb07efe7265b3f8a1d2f915e27e9b2ca52c160cb5ba54194d6022b20c3"
  },
  "workspace": {
    "dependencies": [
      "jsr:@std/assert@1"
    ]
  }
}
